<Solution>
  <Folder Name="/Apps/">
    <Project Path="Apps/FanQieDownloadConsoleApp/FanQieDownloadConsoleApp.csproj" Id="4fc216ae-710e-4259-9297-de0e4dcb3fd7" />
    <Project Path="Apps/LegadoDownloadConsoleApp/LegadoDownloadConsoleApp.csproj" />
  </Folder>
  <Folder Name="/Components/">
    <Project Path="Components/BookScraper.Test/BookScraper.Test.csproj" />
    <Project Path="Components/BookScraper/BookScraper.csproj" />
    <Project Path="Components/FanQieDownloader.Test/FanQieDownloader.Test.csproj" />
    <Project Path="Components/FanQieDownloader/FanQieDownloader.csproj" Id="a88b6db5-74ac-422c-a1a7-8c164f0c9170" />
    <Project Path="Components/LegadoDownloader.Test/LegadoDownloader.Test.csproj" Id="54a81a97-9c0f-4ff8-9e88-5a5b6ac4428e" />
    <Project Path="Components/LegadoDownloader/LegadoDownloader.csproj" Id="d757802d-713d-4b95-937a-b1e9533699f0" />
  </Folder>
  <Folder Name="/Plugin/">
    <Project Path="Plugin/Plugin.Abstractions.Test/Plugin.Abstractions.Test.csproj" />
    <Project Path="Plugin/Plugin.Abstractions/Plugin.Abstractions.csproj" />
    <Project Path="Plugin/Plugin.Loader.Test/Plugin.Loader.Test.csproj" />
    <Project Path="Plugin/Plugin.Loader/Plugin.Loader.csproj" />
  </Folder>
  <Folder Name="/Services/">
    <Project Path="Services/OpdsService.Test/OpdsService.Test.csproj" Id="c519ece5-0bd3-41db-924c-2e36facfb0a8" />
    <Project Path="Services/OpdsService/OpdsService.csproj" Id="71b058d6-88ac-4f44-93af-51ed7dfd679e" />
    <Project Path="Services/WebDavService.Test/WebDavService.Test.csproj" Id="42f382ac-60f4-4219-93bf-e1fd46396b0e" />
    <Project Path="Services/WebDavService/WebDavService.csproj" Id="3bc7427b-f860-44b1-a418-0973f3223bda" />
  </Folder>
  <Folder Name="/Sources/">
    <Project Path="Sources/ApplePodcastSource.Test/ApplePodcastSource.Test.csproj" Id="6213bc7a-0e47-48ed-9a43-91d55409970d" />
    <Project Path="Sources/ApplePodcastSource/ApplePodcastSource.csproj" Id="d51c0790-ded0-487f-91ed-e33dbbcbb878" />
    <Project Path="Sources/FanQieSource.Test/FanQieSource.Test.csproj" />
    <Project Path="Sources/FanQieSource/FanQieSource.csproj" Id="581945f9-d4b3-4e5a-9633-99e32db2d5f0" />
    <Project Path="Sources/LegadoSource.Test/LegadoSource.Test.csproj" />
    <Project Path="Sources/LegadoSource/LegadoSource.csproj" Id="2eee6023-a306-4626-b16e-0262196f71ed" />
    <Project Path="Sources/ZLibrarySource.Test/ZLibrarySource.Test.csproj" Id="d4cd8bf4-5a61-4fb2-bd7a-41ca5506a493" />
    <Project Path="Sources/ZLibrarySource/ZLibrarySource.csproj" Id="51cf4ec8-75be-409f-a928-9b0bbab97554" />
  </Folder>
  <Folder Name="/Utilities/">
    <Project Path="Utilities/DownloadKit.Test/DownloadKit.Test.csproj" />
    <Project Path="Utilities/DownloadKit/DownloadKit.csproj" />
    <Project Path="Utilities/EpubGenerator.Test/EpubGenerator.Test.csproj" Id="8901cd61-8a67-4757-8a6a-48fb9af6d8d2" />
    <Project Path="Utilities/EpubGenerator/EpubGenerator.csproj" Id="fc724acf-dc31-4037-9c88-01eb14ce8a7f" />
    <Project Path="Utilities/EpubParser.Test/EpubParser.Test.csproj" Id="ef642972-69a8-43f4-bb4a-b275ff6f662d" />
    <Project Path="Utilities/EpubParser/EpubParser.csproj" Id="21d0369c-7870-4e63-8dba-bee9bd73c5d9" />
    <Project Path="Utilities/Fb2Parser.Test/Fb2Parser.Test.csproj" />
    <Project Path="Utilities/Fb2Parser/Fb2Parser.csproj" />
    <Project Path="Utilities/FeedParser.Test/FeedParser.Test.csproj" Id="921acf3b-0a23-4f81-8767-b04b6c96c18e" />
    <Project Path="Utilities/FeedParser/FeedParser.csproj" Id="40214b69-4feb-4cad-a6ea-0be5c972f9e4" />
    <Project Path="Utilities/MobiParser.Test/MobiParser.Test.csproj" Id="b2c3d4e5-f6a7-8901-bcde-f12345678901" />
    <Project Path="Utilities/MobiParser/MobiParser.csproj" Id="a1b2c3d4-e5f6-7890-abcd-ef1234567890" />
  </Folder>
</Solution>
